Microsoft Visual Studio Solution File, Format Version 10.00
# Visual Studio 2008
Project("{F184B08F-C81C-45F6-A57F-5ABD9991F28F}") = "DataAccess", "DataAccess\DataAccess.vbproj", "{FD768322-5CD1-45A5-A6D6-7BE9FD55A590}"
EndProject
Project("{F184B08F-C81C-45F6-A57F-5ABD9991F28F}") = "Bussines", "Bussines\Bussines.vbproj", "{6266F192-8BC9-4669-A4C2-672E5FD655B1}"
EndProject
Project("{F184B08F-C81C-45F6-A57F-5ABD9991F28F}") = "ESSUtility", "ESSUtility\ESSUtility.vbproj", "{ADFDE9B8-B802-49EB-BA62-047302E9D660}"
EndProject
Project("{F184B08F-C81C-45F6-A57F-5ABD9991F28F}") = "ESS.Connect", "ESSConnect\ESS.Connect.vbproj", "{FB28F05B-02B2-4CF6-8E7E-D48991E3AE25}"
EndProject
Project("{F184B08F-C81C-45F6-A57F-5ABD9991F28F}") = "Objects", "Objects\Objects.vbproj", "{79402105-DDB3-4937-92EE-8570D77747D5}"
EndProject
Project("{F184B08F-C81C-45F6-A57F-5ABD9991F28F}") = "ESSMarkMan", "ESSMarkMan\ESSMarkMan.vbproj", "{6506E74D-79E8-461E-86F4-DCD126AEEE87}"
EndProject
Project("{F184B08F-C81C-45F6-A57F-5ABD9991F28F}") = "ESSReports", "ESSReports\ESSReports.vbproj", "{CA162BC9-087D-4325-9BF4-CA5CC1C8229B}"
EndProject
Project("{F184B08F-C81C-45F6-A57F-5ABD9991F28F}") = "ESSysMan", "ESSSysMan\ESSysMan.vbproj", "{CEC494D9-935F-4FD3-A2E7-5B7411FF2404}"
EndProject
Global
	GlobalSection(SolutionConfigurationPlatforms) = preSolution
		Debug|.NET = Debug|.NET
		Debug|Any CPU = Debug|Any CPU
		Debug|Mixed Platforms = Debug|Mixed Platforms
		Release|.NET = Release|.NET
		Release|Any CPU = Release|Any CPU
		Release|Mixed Platforms = Release|Mixed Platforms
	EndGlobalSection
	GlobalSection(ProjectConfigurationPlatforms) = postSolution
		{FD768322-5CD1-45A5-A6D6-7BE9FD55A590}.Debug|.NET.ActiveCfg = Debug|Any CPU
		{FD768322-5CD1-45A5-A6D6-7BE9FD55A590}.Debug|Any CPU.ActiveCfg = Debug|Any CPU
		{FD768322-5CD1-45A5-A6D6-7BE9FD55A590}.Debug|Any CPU.Build.0 = Debug|Any CPU
		{FD768322-5CD1-45A5-A6D6-7BE9FD55A590}.Debug|Mixed Platforms.ActiveCfg = Debug|Any CPU
		{FD768322-5CD1-45A5-A6D6-7BE9FD55A590}.Debug|Mixed Platforms.Build.0 = Debug|Any CPU
		{FD768322-5CD1-45A5-A6D6-7BE9FD55A590}.Release|.NET.ActiveCfg = Release|Any CPU
		{FD768322-5CD1-45A5-A6D6-7BE9FD55A590}.Release|Any CPU.ActiveCfg = Release|Any CPU
		{FD768322-5CD1-45A5-A6D6-7BE9FD55A590}.Release|Any CPU.Build.0 = Release|Any CPU
		{FD768322-5CD1-45A5-A6D6-7BE9FD55A590}.Release|Mixed Platforms.ActiveCfg = Release|Any CPU
		{FD768322-5CD1-45A5-A6D6-7BE9FD55A590}.Release|Mixed Platforms.Build.0 = Release|Any CPU
		{6266F192-8BC9-4669-A4C2-672E5FD655B1}.Debug|.NET.ActiveCfg = Debug|Any CPU
		{6266F192-8BC9-4669-A4C2-672E5FD655B1}.Debug|Any CPU.ActiveCfg = Debug|Any CPU
		{6266F192-8BC9-4669-A4C2-672E5FD655B1}.Debug|Any CPU.Build.0 = Debug|Any CPU
		{6266F192-8BC9-4669-A4C2-672E5FD655B1}.Debug|Mixed Platforms.ActiveCfg = Debug|Any CPU
		{6266F192-8BC9-4669-A4C2-672E5FD655B1}.Debug|Mixed Platforms.Build.0 = Debug|Any CPU
		{6266F192-8BC9-4669-A4C2-672E5FD655B1}.Release|.NET.ActiveCfg = Release|Any CPU
		{6266F192-8BC9-4669-A4C2-672E5FD655B1}.Release|Any CPU.ActiveCfg = Release|Any CPU
		{6266F192-8BC9-4669-A4C2-672E5FD655B1}.Release|Any CPU.Build.0 = Release|Any CPU
		{6266F192-8BC9-4669-A4C2-672E5FD655B1}.Release|Mixed Platforms.ActiveCfg = Release|Any CPU
		{6266F192-8BC9-4669-A4C2-672E5FD655B1}.Release|Mixed Platforms.Build.0 = Release|Any CPU
		{ADFDE9B8-B802-49EB-BA62-047302E9D660}.Debug|.NET.ActiveCfg = Debug|Any CPU
		{ADFDE9B8-B802-49EB-BA62-047302E9D660}.Debug|Any CPU.ActiveCfg = Debug|Any CPU
		{ADFDE9B8-B802-49EB-BA62-047302E9D660}.Debug|Any CPU.Build.0 = Debug|Any CPU
		{ADFDE9B8-B802-49EB-BA62-047302E9D660}.Debug|Mixed Platforms.ActiveCfg = Debug|Any CPU
		{ADFDE9B8-B802-49EB-BA62-047302E9D660}.Debug|Mixed Platforms.Build.0 = Debug|Any CPU
		{ADFDE9B8-B802-49EB-BA62-047302E9D660}.Release|.NET.ActiveCfg = Release|Any CPU
		{ADFDE9B8-B802-49EB-BA62-047302E9D660}.Release|Any CPU.ActiveCfg = Release|Any CPU
		{ADFDE9B8-B802-49EB-BA62-047302E9D660}.Release|Any CPU.Build.0 = Release|Any CPU
		{ADFDE9B8-B802-49EB-BA62-047302E9D660}.Release|Mixed Platforms.ActiveCfg = Release|Any CPU
		{ADFDE9B8-B802-49EB-BA62-047302E9D660}.Release|Mixed Platforms.Build.0 = Release|Any CPU
		{FB28F05B-02B2-4CF6-8E7E-D48991E3AE25}.Debug|.NET.ActiveCfg = Debug|Any CPU
		{FB28F05B-02B2-4CF6-8E7E-D48991E3AE25}.Debug|Any CPU.ActiveCfg = Debug|Any CPU
		{FB28F05B-02B2-4CF6-8E7E-D48991E3AE25}.Debug|Any CPU.Build.0 = Debug|Any CPU
		{FB28F05B-02B2-4CF6-8E7E-D48991E3AE25}.Debug|Mixed Platforms.ActiveCfg = Debug|Any CPU
		{FB28F05B-02B2-4CF6-8E7E-D48991E3AE25}.Debug|Mixed Platforms.Build.0 = Debug|Any CPU
		{FB28F05B-02B2-4CF6-8E7E-D48991E3AE25}.Release|.NET.ActiveCfg = Release|Any CPU
		{FB28F05B-02B2-4CF6-8E7E-D48991E3AE25}.Release|Any CPU.ActiveCfg = Release|Any CPU
		{FB28F05B-02B2-4CF6-8E7E-D48991E3AE25}.Release|Any CPU.Build.0 = Release|Any CPU
		{FB28F05B-02B2-4CF6-8E7E-D48991E3AE25}.Release|Mixed Platforms.ActiveCfg = Release|Any CPU
		{FB28F05B-02B2-4CF6-8E7E-D48991E3AE25}.Release|Mixed Platforms.Build.0 = Release|Any CPU
		{79402105-DDB3-4937-92EE-8570D77747D5}.Debug|.NET.ActiveCfg = Debug|Any CPU
		{79402105-DDB3-4937-92EE-8570D77747D5}.Debug|Any CPU.ActiveCfg = Debug|Any CPU
		{79402105-DDB3-4937-92EE-8570D77747D5}.Debug|Any CPU.Build.0 = Debug|Any CPU
		{79402105-DDB3-4937-92EE-8570D77747D5}.Debug|Mixed Platforms.ActiveCfg = Debug|Any CPU
		{79402105-DDB3-4937-92EE-8570D77747D5}.Debug|Mixed Platforms.Build.0 = Debug|Any CPU
		{79402105-DDB3-4937-92EE-8570D77747D5}.Release|.NET.ActiveCfg = Release|Any CPU
		{79402105-DDB3-4937-92EE-8570D77747D5}.Release|Any CPU.ActiveCfg = Release|Any CPU
		{79402105-DDB3-4937-92EE-8570D77747D5}.Release|Any CPU.Build.0 = Release|Any CPU
		{79402105-DDB3-4937-92EE-8570D77747D5}.Release|Mixed Platforms.ActiveCfg = Release|Any CPU
		{79402105-DDB3-4937-92EE-8570D77747D5}.Release|Mixed Platforms.Build.0 = Release|Any CPU
		{6506E74D-79E8-461E-86F4-DCD126AEEE87}.Debug|.NET.ActiveCfg = Debug|Any CPU
		{6506E74D-79E8-461E-86F4-DCD126AEEE87}.Debug|Any CPU.ActiveCfg = Debug|Any CPU
		{6506E74D-79E8-461E-86F4-DCD126AEEE87}.Debug|Any CPU.Build.0 = Debug|Any CPU
		{6506E74D-79E8-461E-86F4-DCD126AEEE87}.Debug|Mixed Platforms.ActiveCfg = Debug|Any CPU
		{6506E74D-79E8-461E-86F4-DCD126AEEE87}.Debug|Mixed Platforms.Build.0 = Debug|Any CPU
		{6506E74D-79E8-461E-86F4-DCD126AEEE87}.Release|.NET.ActiveCfg = Release|Any CPU
		{6506E74D-79E8-461E-86F4-DCD126AEEE87}.Release|Any CPU.ActiveCfg = Release|Any CPU
		{6506E74D-79E8-461E-86F4-DCD126AEEE87}.Release|Any CPU.Build.0 = Release|Any CPU
		{6506E74D-79E8-461E-86F4-DCD126AEEE87}.Release|Mixed Platforms.ActiveCfg = Release|Any CPU
		{6506E74D-79E8-461E-86F4-DCD126AEEE87}.Release|Mixed Platforms.Build.0 = Release|Any CPU
		{CA162BC9-087D-4325-9BF4-CA5CC1C8229B}.Debug|.NET.ActiveCfg = Debug|Any CPU
		{CA162BC9-087D-4325-9BF4-CA5CC1C8229B}.Debug|Any CPU.ActiveCfg = Debug|Any CPU
		{CA162BC9-087D-4325-9BF4-CA5CC1C8229B}.Debug|Any CPU.Build.0 = Debug|Any CPU
		{CA162BC9-087D-4325-9BF4-CA5CC1C8229B}.Debug|Mixed Platforms.ActiveCfg = Debug|Any CPU
		{CA162BC9-087D-4325-9BF4-CA5CC1C8229B}.Debug|Mixed Platforms.Build.0 = Debug|Any CPU
		{CA162BC9-087D-4325-9BF4-CA5CC1C8229B}.Release|.NET.ActiveCfg = Release|Any CPU
		{CA162BC9-087D-4325-9BF4-CA5CC1C8229B}.Release|Any CPU.ActiveCfg = Release|Any CPU
		{CA162BC9-087D-4325-9BF4-CA5CC1C8229B}.Release|Any CPU.Build.0 = Release|Any CPU
		{CA162BC9-087D-4325-9BF4-CA5CC1C8229B}.Release|Mixed Platforms.ActiveCfg = Release|Any CPU
		{CA162BC9-087D-4325-9BF4-CA5CC1C8229B}.Release|Mixed Platforms.Build.0 = Release|Any CPU
		{CEC494D9-935F-4FD3-A2E7-5B7411FF2404}.Debug|.NET.ActiveCfg = Debug|Any CPU
		{CEC494D9-935F-4FD3-A2E7-5B7411FF2404}.Debug|Any CPU.ActiveCfg = Debug|Any CPU
		{CEC494D9-935F-4FD3-A2E7-5B7411FF2404}.Debug|Any CPU.Build.0 = Debug|Any CPU
		{CEC494D9-935F-4FD3-A2E7-5B7411FF2404}.Debug|Mixed Platforms.ActiveCfg = Debug|Any CPU
		{CEC494D9-935F-4FD3-A2E7-5B7411FF2404}.Debug|Mixed Platforms.Build.0 = Debug|Any CPU
		{CEC494D9-935F-4FD3-A2E7-5B7411FF2404}.Release|.NET.ActiveCfg = Release|Any CPU
		{CEC494D9-935F-4FD3-A2E7-5B7411FF2404}.Release|Any CPU.ActiveCfg = Release|Any CPU
		{CEC494D9-935F-4FD3-A2E7-5B7411FF2404}.Release|Any CPU.Build.0 = Release|Any CPU
		{CEC494D9-935F-4FD3-A2E7-5B7411FF2404}.Release|Mixed Platforms.ActiveCfg = Release|Any CPU
		{CEC494D9-935F-4FD3-A2E7-5B7411FF2404}.Release|Mixed Platforms.Build.0 = Release|Any CPU
	EndGlobalSection
	GlobalSection(SolutionProperties) = preSolution
		HideSolutionNode = FALSE
	EndGlobalSection
EndGlobal
